
Microsoft Visual Studio Solution File, Format Version 12.00
# Visual Studio Version 17
VisualStudioVersion = 17.12.35506.116 d17.12
MinimumVisualStudioVersion = 10.0.40219.1
Project("{2150E333-8FDC-42A3-9474-1A3956D46DE8}") = "Solution Items", "Solution Items", "{40C0B3A2-E244-49D9-B303-3FCFD42E47EF}"
	ProjectSection(SolutionItems) = preProject
		.gitignore = .gitignore
		global.json = global.json
	EndProjectSection
EndProject
Project("{2150E333-8FDC-42A3-9474-1A3956D46DE8}") = "1.Introduction", "1.Introduction", "{3A1A8E9A-504F-4C2F-BF46-106EE4818EF7}"
EndProject
Project("{FAE04EC0-301F-11D3-BF4B-00C04F79EFBC}") = "BasicConsoleApp", "1.Introduction\BasicConsoleApp\BasicConsoleApp.csproj", "{4DD3D94A-8762-4DB5-8B78-081AE8B92A57}"
EndProject
Project("{2150E333-8FDC-42A3-9474-1A3956D46DE8}") = "2.GettingStarted", "2.GettingStarted", "{147FCA3F-B42B-4604-882D-A761AA052DE1}"
EndProject
Project("{2150E333-8FDC-42A3-9474-1A3956D46DE8}") = "3.DeepDive", "3.DeepDive", "{BC0D53C9-594B-4C8C-BF34-BE72440D1566}"
EndProject
Project("{2150E333-8FDC-42A3-9474-1A3956D46DE8}") = "4.Providers", "4.Providers", "{FE0A7C83-829A-4455-A8FE-4C577C7861DF}"
EndProject
Project("{2150E333-8FDC-42A3-9474-1A3956D46DE8}") = "5.AdvancedFeatures", "5.AdvancedFeatures", "{5F36E5AF-8C3B-4D31-B673-BF7BE3FF2ACA}"
EndProject
Project("{2150E333-8FDC-42A3-9474-1A3956D46DE8}") = "6.Serilog", "6.Serilog", "{24EEC3D4-329E-471B-B615-22630CC44A0B}"
EndProject
Project("{2150E333-8FDC-42A3-9474-1A3956D46DE8}") = "7.HighPerformance", "7.HighPerformance", "{4AEEFAA6-5E4B-47E3-B401-9A920CB5D0B4}"
EndProject
Project("{2150E333-8FDC-42A3-9474-1A3956D46DE8}") = "8.Monitoring", "8.Monitoring", "{1111ABED-CDEC-4E2C-A97C-57BB5F3500FD}"
EndProject
Project("{FAE04EC0-301F-11D3-BF4B-00C04F79EFBC}") = "BasicBlazorApp", "2.GettingStarted\BasicBlazorApp\BasicBlazorApp.csproj", "{F78020A3-EBB6-499D-931E-C030F9E9DF25}"
EndProject
Project("{FAE04EC0-301F-11D3-BF4B-00C04F79EFBC}") = "BasicConsoleApp", "2.GettingStarted\BasicConsoleApp\BasicConsoleApp.csproj", "{4AB98407-9155-49DF-AF50-904818C37B1D}"
EndProject
Project("{FAE04EC0-301F-11D3-BF4B-00C04F79EFBC}") = "BasicMinimalApi", "2.GettingStarted\BasicMinimalApi\BasicMinimalApi.csproj", "{DAE87417-B782-4665-8AC3-D26AF9C95488}"
EndProject
Project("{FAE04EC0-301F-11D3-BF4B-00C04F79EFBC}") = "BasicWebApi", "2.GettingStarted\BasicWebApi\BasicWebApi.csproj", "{02650A72-C7FB-4FF5-A6F2-E26D3D70A06D}"
EndProject
Project("{FAE04EC0-301F-11D3-BF4B-00C04F79EFBC}") = "BasicConsoleApp", "3.DeepDive\BasicConsoleApp\BasicConsoleApp.csproj", "{3382D975-E51B-47E5-8FF3-14293D5980A7}"
EndProject
Project("{FAE04EC0-301F-11D3-BF4B-00C04F79EFBC}") = "BasicMinimalApi", "3.DeepDive\BasicMinimalApi\BasicMinimalApi.csproj", "{DFD0C968-EAFF-4A90-99B9-67EC3ACC073F}"
EndProject
Project("{FAE04EC0-301F-11D3-BF4B-00C04F79EFBC}") = "BasicConsoleApp", "4.Providers\BasicConsoleApp\BasicConsoleApp.csproj", "{22AE6A31-3A34-4C30-90B7-8D97480D131B}"
EndProject
Project("{FAE04EC0-301F-11D3-BF4B-00C04F79EFBC}") = "BasicMinimalApi", "4.Providers\BasicMinimalApi\BasicMinimalApi.csproj", "{0DF62EC1-29D6-484A-BD8D-2B2FFC4AAF43}"
EndProject
Project("{FAE04EC0-301F-11D3-BF4B-00C04F79EFBC}") = "BasicConsoleApp", "5.AdvancedFeatures\BasicConsoleApp\BasicConsoleApp.csproj", "{51BC89B1-4117-43EB-A552-3F7D2B67A3AC}"
EndProject
Project("{FAE04EC0-301F-11D3-BF4B-00C04F79EFBC}") = "BasicMinimalApi", "5.AdvancedFeatures\BasicMinimalApi\BasicMinimalApi.csproj", "{619E3860-A085-462B-9AE2-008540696EBF}"
EndProject
Project("{FAE04EC0-301F-11D3-BF4B-00C04F79EFBC}") = "BasicConsoleApp", "6.Serilog\BasicConsoleApp\BasicConsoleApp.csproj", "{F42F7E11-C4F7-4D98-91B7-629199536772}"
EndProject
Project("{FAE04EC0-301F-11D3-BF4B-00C04F79EFBC}") = "BasicMinimalApi", "6.Serilog\BasicMinimalApi\BasicMinimalApi.csproj", "{437B3A16-4EAF-4360-85D9-16D2B5BDBCE6}"
EndProject
Project("{FAE04EC0-301F-11D3-BF4B-00C04F79EFBC}") = "BasicWebApi", "6.Serilog\BasicWebApi\BasicWebApi.csproj", "{EC0DCDDE-B3F6-4586-BD6F-541B0E62E3CC}"
EndProject
Project("{FAE04EC0-301F-11D3-BF4B-00C04F79EFBC}") = "BasicConsoleApp", "7.HighPerformance\BasicConsoleApp\BasicConsoleApp.csproj", "{BA4838B1-0023-4D8B-BDF0-782EE2F0287E}"
EndProject
Project("{FAE04EC0-301F-11D3-BF4B-00C04F79EFBC}") = "BasicWebApi", "8.Monitoring\BasicWebApi\BasicWebApi.csproj", "{A4B261C5-8779-4435-82C1-547E934AC8F5}"
EndProject
Global
	GlobalSection(SolutionConfigurationPlatforms) = preSolution
		Debug|Any CPU = Debug|Any CPU
		Release|Any CPU = Release|Any CPU
	EndGlobalSection
	GlobalSection(ProjectConfigurationPlatforms) = postSolution
		{4DD3D94A-8762-4DB5-8B78-081AE8B92A57}.Debug|Any CPU.ActiveCfg = Debug|Any CPU
		{4DD3D94A-8762-4DB5-8B78-081AE8B92A57}.Debug|Any CPU.Build.0 = Debug|Any CPU
		{4DD3D94A-8762-4DB5-8B78-081AE8B92A57}.Release|Any CPU.ActiveCfg = Release|Any CPU
		{4DD3D94A-8762-4DB5-8B78-081AE8B92A57}.Release|Any CPU.Build.0 = Release|Any CPU
		{F78020A3-EBB6-499D-931E-C030F9E9DF25}.Debug|Any CPU.ActiveCfg = Debug|Any CPU
		{F78020A3-EBB6-499D-931E-C030F9E9DF25}.Debug|Any CPU.Build.0 = Debug|Any CPU
		{F78020A3-EBB6-499D-931E-C030F9E9DF25}.Release|Any CPU.ActiveCfg = Release|Any CPU
		{F78020A3-EBB6-499D-931E-C030F9E9DF25}.Release|Any CPU.Build.0 = Release|Any CPU
		{4AB98407-9155-49DF-AF50-904818C37B1D}.Debug|Any CPU.ActiveCfg = Debug|Any CPU
		{4AB98407-9155-49DF-AF50-904818C37B1D}.Debug|Any CPU.Build.0 = Debug|Any CPU
		{4AB98407-9155-49DF-AF50-904818C37B1D}.Release|Any CPU.ActiveCfg = Release|Any CPU
		{4AB98407-9155-49DF-AF50-904818C37B1D}.Release|Any CPU.Build.0 = Release|Any CPU
		{DAE87417-B782-4665-8AC3-D26AF9C95488}.Debug|Any CPU.ActiveCfg = Debug|Any CPU
		{DAE87417-B782-4665-8AC3-D26AF9C95488}.Debug|Any CPU.Build.0 = Debug|Any CPU
		{DAE87417-B782-4665-8AC3-D26AF9C95488}.Release|Any CPU.ActiveCfg = Release|Any CPU
		{DAE87417-B782-4665-8AC3-D26AF9C95488}.Release|Any CPU.Build.0 = Release|Any CPU
		{02650A72-C7FB-4FF5-A6F2-E26D3D70A06D}.Debug|Any CPU.ActiveCfg = Debug|Any CPU
		{02650A72-C7FB-4FF5-A6F2-E26D3D70A06D}.Debug|Any CPU.Build.0 = Debug|Any CPU
		{02650A72-C7FB-4FF5-A6F2-E26D3D70A06D}.Release|Any CPU.ActiveCfg = Release|Any CPU
		{02650A72-C7FB-4FF5-A6F2-E26D3D70A06D}.Release|Any CPU.Build.0 = Release|Any CPU
		{3382D975-E51B-47E5-8FF3-14293D5980A7}.Debug|Any CPU.ActiveCfg = Debug|Any CPU
		{3382D975-E51B-47E5-8FF3-14293D5980A7}.Debug|Any CPU.Build.0 = Debug|Any CPU
		{3382D975-E51B-47E5-8FF3-14293D5980A7}.Release|Any CPU.ActiveCfg = Release|Any CPU
		{3382D975-E51B-47E5-8FF3-14293D5980A7}.Release|Any CPU.Build.0 = Release|Any CPU
		{DFD0C968-EAFF-4A90-99B9-67EC3ACC073F}.Debug|Any CPU.ActiveCfg = Debug|Any CPU
		{DFD0C968-EAFF-4A90-99B9-67EC3ACC073F}.Debug|Any CPU.Build.0 = Debug|Any CPU
		{DFD0C968-EAFF-4A90-99B9-67EC3ACC073F}.Release|Any CPU.ActiveCfg = Release|Any CPU
		{DFD0C968-EAFF-4A90-99B9-67EC3ACC073F}.Release|Any CPU.Build.0 = Release|Any CPU
		{22AE6A31-3A34-4C30-90B7-8D97480D131B}.Debug|Any CPU.ActiveCfg = Debug|Any CPU
		{22AE6A31-3A34-4C30-90B7-8D97480D131B}.Debug|Any CPU.Build.0 = Debug|Any CPU
		{22AE6A31-3A34-4C30-90B7-8D97480D131B}.Release|Any CPU.ActiveCfg = Release|Any CPU
		{22AE6A31-3A34-4C30-90B7-8D97480D131B}.Release|Any CPU.Build.0 = Release|Any CPU
		{0DF62EC1-29D6-484A-BD8D-2B2FFC4AAF43}.Debug|Any CPU.ActiveCfg = Debug|Any CPU
		{0DF62EC1-29D6-484A-BD8D-2B2FFC4AAF43}.Debug|Any CPU.Build.0 = Debug|Any CPU
		{0DF62EC1-29D6-484A-BD8D-2B2FFC4AAF43}.Release|Any CPU.ActiveCfg = Release|Any CPU
		{0DF62EC1-29D6-484A-BD8D-2B2FFC4AAF43}.Release|Any CPU.Build.0 = Release|Any CPU
		{51BC89B1-4117-43EB-A552-3F7D2B67A3AC}.Debug|Any CPU.ActiveCfg = Debug|Any CPU
		{51BC89B1-4117-43EB-A552-3F7D2B67A3AC}.Debug|Any CPU.Build.0 = Debug|Any CPU
		{51BC89B1-4117-43EB-A552-3F7D2B67A3AC}.Release|Any CPU.ActiveCfg = Release|Any CPU
		{51BC89B1-4117-43EB-A552-3F7D2B67A3AC}.Release|Any CPU.Build.0 = Release|Any CPU
		{619E3860-A085-462B-9AE2-008540696EBF}.Debug|Any CPU.ActiveCfg = Debug|Any CPU
		{619E3860-A085-462B-9AE2-008540696EBF}.Debug|Any CPU.Build.0 = Debug|Any CPU
		{619E3860-A085-462B-9AE2-008540696EBF}.Release|Any CPU.ActiveCfg = Release|Any CPU
		{619E3860-A085-462B-9AE2-008540696EBF}.Release|Any CPU.Build.0 = Release|Any CPU
		{F42F7E11-C4F7-4D98-91B7-629199536772}.Debug|Any CPU.ActiveCfg = Debug|Any CPU
		{F42F7E11-C4F7-4D98-91B7-629199536772}.Debug|Any CPU.Build.0 = Debug|Any CPU
		{F42F7E11-C4F7-4D98-91B7-629199536772}.Release|Any CPU.ActiveCfg = Release|Any CPU
		{F42F7E11-C4F7-4D98-91B7-629199536772}.Release|Any CPU.Build.0 = Release|Any CPU
		{437B3A16-4EAF-4360-85D9-16D2B5BDBCE6}.Debug|Any CPU.ActiveCfg = Debug|Any CPU
		{437B3A16-4EAF-4360-85D9-16D2B5BDBCE6}.Debug|Any CPU.Build.0 = Debug|Any CPU
		{437B3A16-4EAF-4360-85D9-16D2B5BDBCE6}.Release|Any CPU.ActiveCfg = Release|Any CPU
		{437B3A16-4EAF-4360-85D9-16D2B5BDBCE6}.Release|Any CPU.Build.0 = Release|Any CPU
		{EC0DCDDE-B3F6-4586-BD6F-541B0E62E3CC}.Debug|Any CPU.ActiveCfg = Debug|Any CPU
		{EC0DCDDE-B3F6-4586-BD6F-541B0E62E3CC}.Debug|Any CPU.Build.0 = Debug|Any CPU
		{EC0DCDDE-B3F6-4586-BD6F-541B0E62E3CC}.Release|Any CPU.ActiveCfg = Release|Any CPU
		{EC0DCDDE-B3F6-4586-BD6F-541B0E62E3CC}.Release|Any CPU.Build.0 = Release|Any CPU
		{BA4838B1-0023-4D8B-BDF0-782EE2F0287E}.Debug|Any CPU.ActiveCfg = Debug|Any CPU
		{BA4838B1-0023-4D8B-BDF0-782EE2F0287E}.Debug|Any CPU.Build.0 = Debug|Any CPU
		{BA4838B1-0023-4D8B-BDF0-782EE2F0287E}.Release|Any CPU.ActiveCfg = Release|Any CPU
		{BA4838B1-0023-4D8B-BDF0-782EE2F0287E}.Release|Any CPU.Build.0 = Release|Any CPU
		{A4B261C5-8779-4435-82C1-547E934AC8F5}.Debug|Any CPU.ActiveCfg = Debug|Any CPU
		{A4B261C5-8779-4435-82C1-547E934AC8F5}.Debug|Any CPU.Build.0 = Debug|Any CPU
		{A4B261C5-8779-4435-82C1-547E934AC8F5}.Release|Any CPU.ActiveCfg = Release|Any CPU
		{A4B261C5-8779-4435-82C1-547E934AC8F5}.Release|Any CPU.Build.0 = Release|Any CPU
	EndGlobalSection
	GlobalSection(SolutionProperties) = preSolution
		HideSolutionNode = FALSE
	EndGlobalSection
	GlobalSection(NestedProjects) = preSolution
		{4DD3D94A-8762-4DB5-8B78-081AE8B92A57} = {3A1A8E9A-504F-4C2F-BF46-106EE4818EF7}
		{F78020A3-EBB6-499D-931E-C030F9E9DF25} = {147FCA3F-B42B-4604-882D-A761AA052DE1}
		{4AB98407-9155-49DF-AF50-904818C37B1D} = {147FCA3F-B42B-4604-882D-A761AA052DE1}
		{DAE87417-B782-4665-8AC3-D26AF9C95488} = {147FCA3F-B42B-4604-882D-A761AA052DE1}
		{02650A72-C7FB-4FF5-A6F2-E26D3D70A06D} = {147FCA3F-B42B-4604-882D-A761AA052DE1}
		{3382D975-E51B-47E5-8FF3-14293D5980A7} = {BC0D53C9-594B-4C8C-BF34-BE72440D1566}
		{DFD0C968-EAFF-4A90-99B9-67EC3ACC073F} = {BC0D53C9-594B-4C8C-BF34-BE72440D1566}
		{22AE6A31-3A34-4C30-90B7-8D97480D131B} = {FE0A7C83-829A-4455-A8FE-4C577C7861DF}
		{0DF62EC1-29D6-484A-BD8D-2B2FFC4AAF43} = {FE0A7C83-829A-4455-A8FE-4C577C7861DF}
		{51BC89B1-4117-43EB-A552-3F7D2B67A3AC} = {5F36E5AF-8C3B-4D31-B673-BF7BE3FF2ACA}
		{619E3860-A085-462B-9AE2-008540696EBF} = {5F36E5AF-8C3B-4D31-B673-BF7BE3FF2ACA}
		{F42F7E11-C4F7-4D98-91B7-629199536772} = {24EEC3D4-329E-471B-B615-22630CC44A0B}
		{437B3A16-4EAF-4360-85D9-16D2B5BDBCE6} = {24EEC3D4-329E-471B-B615-22630CC44A0B}
		{EC0DCDDE-B3F6-4586-BD6F-541B0E62E3CC} = {24EEC3D4-329E-471B-B615-22630CC44A0B}
		{BA4838B1-0023-4D8B-BDF0-782EE2F0287E} = {4AEEFAA6-5E4B-47E3-B401-9A920CB5D0B4}
		{A4B261C5-8779-4435-82C1-547E934AC8F5} = {1111ABED-CDEC-4E2C-A97C-57BB5F3500FD}
	EndGlobalSection
EndGlobal
